
Microsoft Visual Studio Solution File, Format Version 12.00
# Visual Studio Version 16
VisualStudioVersion = 16.0.30503.244
MinimumVisualStudioVersion = 10.0.40219.1
Project("{9A19103F-16F7-4668-BE54-9A1E7A4F7556}") = "NetworkController", "NetworkController\NetworkController.csproj", "{95AF9DC5-AE4D-4713-AD11-9F358542278D}"
EndProject
Project("{9A19103F-16F7-4668-BE54-9A1E7A4F7556}") = "NetworkTests", "NetworkTests\NetworkTests.csproj", "{C909EEDF-F533-4F1C-9602-31D0A59DE8FA}"
EndProject
Project("{FAE04EC0-301F-11D3-BF4B-00C04F79EFBC}") = "NetworkTestHelper", "NetworkTestHelper\NetworkTestHelper.csproj", "{3FE30A24-8B7A-47CD-935D-6889AF136214}"
EndProject
Global
	GlobalSection(SolutionConfigurationPlatforms) = preSolution
		Debug|Any CPU = Debug|Any CPU
		Release|Any CPU = Release|Any CPU
	EndGlobalSection
	GlobalSection(ProjectConfigurationPlatforms) = postSolution
		{95AF9DC5-AE4D-4713-AD11-9F358542278D}.Debug|Any CPU.ActiveCfg = Debug|Any CPU
		{95AF9DC5-AE4D-4713-AD11-9F358542278D}.Debug|Any CPU.Build.0 = Debug|Any CPU
		{95AF9DC5-AE4D-4713-AD11-9F358542278D}.Release|Any CPU.ActiveCfg = Release|Any CPU
		{95AF9DC5-AE4D-4713-AD11-9F358542278D}.Release|Any CPU.Build.0 = Release|Any CPU
		{C909EEDF-F533-4F1C-9602-31D0A59DE8FA}.Debug|Any CPU.ActiveCfg = Debug|Any CPU
		{C909EEDF-F533-4F1C-9602-31D0A59DE8FA}.Debug|Any CPU.Build.0 = Debug|Any CPU
		{C909EEDF-F533-4F1C-9602-31D0A59DE8FA}.Release|Any CPU.ActiveCfg = Release|Any CPU
		{C909EEDF-F533-4F1C-9602-31D0A59DE8FA}.Release|Any CPU.Build.0 = Release|Any CPU
		{3FE30A24-8B7A-47CD-935D-6889AF136214}.Debug|Any CPU.ActiveCfg = Debug|Any CPU
		{3FE30A24-8B7A-47CD-935D-6889AF136214}.Debug|Any CPU.Build.0 = Debug|Any CPU
		{3FE30A24-8B7A-47CD-935D-6889AF136214}.Release|Any CPU.ActiveCfg = Release|Any CPU
		{3FE30A24-8B7A-47CD-935D-6889AF136214}.Release|Any CPU.Build.0 = Release|Any CPU
	EndGlobalSection
	GlobalSection(SolutionProperties) = preSolution
		HideSolutionNode = FALSE
	EndGlobalSection
	GlobalSection(ExtensibilityGlobals) = postSolution
		SolutionGuid = {3A530CF1-012F-4C25-AE2F-78A6162F85BB}
	EndGlobalSection
EndGlobal
